// !$*UTF8*$!
{
	archiveVersion = 1;
	classes = {
	};
	objectVersion = 46;
	objects = {

/* Begin PBXBuildFile section */
		107C600619EE011D00764AA2 /* AppDelegate.swift in Sources */ = {isa = PBXBuildFile; fileRef = 107C600519EE011D00764AA2 /* AppDelegate.swift */; };
		107C600819EE011D00764AA2 /* ViewController.swift in Sources */ = {isa = PBXBuildFile; fileRef = 107C600719EE011D00764AA2 /* ViewController.swift */; };
		107C600B19EE011D00764AA2 /* Main.storyboard in Resources */ = {isa = PBXBuildFile; fileRef = 107C600919EE011D00764AA2 /* Main.storyboard */; };
		107C600D19EE011D00764AA2 /* Images.xcassets in Resources */ = {isa = PBXBuildFile; fileRef = 107C600C19EE011D00764AA2 /* Images.xcassets */; };
		107C601019EE011D00764AA2 /* LaunchScreen.xib in Resources */ = {isa = PBXBuildFile; fileRef = 107C600E19EE011D00764AA2 /* LaunchScreen.xib */; };
		107C601C19EE011D00764AA2 /* showtimeTests.swift in Sources */ = {isa = PBXBuildFile; fileRef = 107C601B19EE011D00764AA2 /* showtimeTests.swift */; };
/* End PBXBuildFile section */

/* Begin PBXContainerItemProxy section */
		107C601619EE011D00764AA2 /* PBXContainerItemProxy */ = {
			isa = PBXContainerItemProxy;
			containerPortal = 107C5FF819EE011D00764AA2 /* Project object */;
			proxyType = 1;
			remoteGlobalIDString = 107C5FFF19EE011D00764AA2;
			remoteInfo = showtime;
		};
/* End PBXContainerItemProxy section */

/* Begin PBXFileReference section */
		107C600019EE011D00764AA2 /* showtime.app */ = {isa = PBXFileReference; explicitFileType = wrapper.application; includeInIndex = 0; path = showtime.app; sourceTree = BUILT_PRODUCTS_DIR; };
		107C600419EE011D00764AA2 /* Info.plist */ = {isa = PBXFileReference; lastKnownFileType = text.plist.xml; path = Info.plist; sourceTree = "<group>"; };
		107C600519EE011D00764AA2 /* AppDelegate.swift */ = {isa = PBXFileReference; lastKnownFileType = sourcecode.swift; path = AppDelegate.swift; sourceTree = "<group>"; };
		107C600719EE011D00764AA2 /* ViewController.swift */ = {isa = PBXFileReference; lastKnownFileType = sourcecode.swift; path = ViewController.swift; sourceTree = "<group>"; };
		107C600A19EE011D00764AA2 /* Base */ = {isa = PBXFileReference; lastKnownFileType = file.storyboard; name = Base; path = Base.lproj/Main.storyboard; sourceTree = "<group>"; };
		107C600C19EE011D00764AA2 /* Images.xcassets */ = {isa = PBXFileReference; lastKnownFileType = folder.assetcatalog; path = Images.xcassets; sourceTree = "<group>"; };
		107C600F19EE011D00764AA2 /* Base */ = {isa = PBXFileReference; lastKnownFileType = file.xib; name = Base; path = Base.lproj/LaunchScreen.xib; sourceTree = "<group>"; };
		107C601519EE011D00764AA2 /* showtimeTests.xctest */ = {isa = PBXFileReference; explicitFileType = wrapper.cfbundle; includeInIndex = 0; path = showtimeTests.xctest; sourceTree = BUILT_PRODUCTS_DIR; };
		107C601A19EE011D00764AA2 /* Info.plist */ = {isa = PBXFileReference; lastKnownFileType = text.plist.xml; path = Info.plist; sourceTree = "<group>"; };
		107C601B19EE011D00764AA2 /* showtimeTests.swift */ = {isa = PBXFileReference; lastKnownFileType = sourcecode.swift; path = showtimeTests.swift; sourceTree = "<group>"; };
/* End PBXFileReference section */

/* Begin PBXFrameworksBuildPhase section */
		107C5FFD19EE011D00764AA2 /* Frameworks */ = {
			isa = PBXFrameworksBuildPhase;
			buildActionMask = 2147483647;
			files = (
			);
			runOnlyForDeploymentPostprocessing = 0;
		};
		107C601219EE011D00764AA2 /* Frameworks */ = {
			isa = PBXFrameworksBuildPhase;
			buildActionMask = 2147483647;
			files = (
			);
			runOnlyForDeploymentPostprocessing = 0;
		};
/* End PBXFrameworksBuildPhase section */

/* Begin PBXGroup section */
		107C5FF719EE011D00764AA2 = {
			isa = PBXGroup;
			children = (
				107C600219EE011D00764AA2 /* showtime */,
				107C601819EE011D00764AA2 /* showtimeTests */,
				107C600119EE011D00764AA2 /* Products */,
			);
			sourceTree = "<group>";
		};
		107C600119EE011D00764AA2 /* Products */ = {
			isa = PBXGroup;
			children = (
				107C600019EE011D00764AA2 /* showtime.app */,
				107C601519EE011D00764AA2 /* showtimeTests.xctest */,
			);
			name = Products;
			sourceTree = "<group>";
		};
		107C600219EE011D00764AA2 /* showtime */ = {
			isa = PBXGroup;
			children = (
				107C600519EE011D00764AA2 /* AppDelegate.swift */,
				107C600719EE011D00764AA2 /* ViewController.swift */,
				107C600919EE011D00764AA2 /* Main.storyboard */,
				107C600C19EE011D00764AA2 /* Images.xcassets */,
				107C600E19EE011D00764AA2 /* LaunchScreen.xib */,
				107C600319EE011D00764AA2 /* Supporting Files */,
			);
			path = showtime;
			sourceTree = "<group>";
		};
		107C600319EE011D00764AA2 /* Supporting Files */ = {
			isa = PBXGroup;
			children = (
				107C600419EE011D00764AA2 /* Info.plist */,
			);
			name = "Supporting Files";
			sourceTree = "<group>";
		};
		107C601819EE011D00764AA2 /* showtimeTests */ = {
			isa = PBXGroup;
			children = (
				107C601B19EE011D00764AA2 /* showtimeTests.swift */,
				107C601919EE011D00764AA2 /* Supporting Files */,
			);
			path = showtimeTests;
			sourceTree = "<group>";
		};
		107C601919EE011D00764AA2 /* Supporting Files */ = {
			isa = PBXGroup;
			children = (
				107C601A19EE011D00764AA2 /* Info.plist */,
			);
			name = "Supporting Files";
			sourceTree = "<group>";
		};
/* End PBXGroup section */

/* Begin PBXNativeTarget section */
		107C5FFF19EE011D00764AA2 /* showtime */ = {
			isa = PBXNativeTarget;
			buildConfigurationList = 107C601F19EE011D00764AA2 /* Build configuration list for PBXNativeTarget "showtime" */;
			buildPhases = (
				107C5FFC19EE011D00764AA2 /* Sources */,
				107C5FFD19EE011D00764AA2 /* Frameworks */,
				107C5FFE19EE011D00764AA2 /* Resources */,
			);
			buildRules = (
			);
			dependencies = (
			);
			name = showtime;
			productName = showtime;
			productReference = 107C600019EE011D00764AA2 /* showtime.app */;
			productType = "com.apple.product-type.application";
		};
		107C601419EE011D00764AA2 /* showtimeTests */ = {
			isa = PBXNativeTarget;
			buildConfigurationList = 107C602219EE011D00764AA2 /* Build configuration list for PBXNativeTarget "showtimeTests" */;
			buildPhases = (
				107C601119EE011D00764AA2 /* Sources */,
				107C601219EE011D00764AA2 /* Frameworks */,
				107C601319EE011D00764AA2 /* Resources */,
			);
			buildRules = (
			);
			dependencies = (
				107C601719EE011D00764AA2 /* PBXTargetDependency */,
			);
			name = showtimeTests;
			productName = showtimeTests;
			productReference = 107C601519EE011D00764AA2 /* showtimeTests.xctest */;
			productType = "com.apple.product-type.bundle.unit-test";
		};
/* End PBXNativeTarget section */

/* Begin PBXProject section */
		107C5FF819EE011D00764AA2 /* Project object */ = {
			isa = PBXProject;
			attributes = {
				LastUpgradeCheck = 0600;
				ORGANIZATIONNAME = "mohd shafeq";
				TargetAttributes = {
					107C5FFF19EE011D00764AA2 = {
						CreatedOnToolsVersion = 6.0.1;
					};
					107C601419EE011D00764AA2 = {
						CreatedOnToolsVersion = 6.0.1;
						TestTargetID = 107C5FFF19EE011D00764AA2;
					};
				};
			};
			buildConfigurationList = 107C5FFB19EE011D00764AA2 /* Build configuration list for PBXProject "showtime" */;
			compatibilityVersion = "Xcode 3.2";
			developmentRegion = English;
			hasScannedForEncodings = 0;
			knownRegions = (
				en,
				Base,
			);
			mainGroup = 107C5FF719EE011D00764AA2;
			productRefGroup = 107C600119EE011D00764AA2 /* Products */;
			projectDirPath = "";
			projectRoot = "";
			targets = (
				107C5FFF19EE011D00764AA2 /* showtime */,
				107C601419EE011D00764AA2 /* showtimeTests */,
			);
		};
/* End PBXProject section */

/* Begin PBXResourcesBuildPhase section */
		107C5FFE19EE011D00764AA2 /* Resources */ = {
			isa = PBXResourcesBuildPhase;
			buildActionMask = 2147483647;
			files = (
				107C600B19EE011D00764AA2 /* Main.storyboard in Resources */,
				107C601019EE011D00764AA2 /* LaunchScreen.xib in Resources */,
				107C600D19EE011D00764AA2 /* Images.xcassets in Resources */,
			);
			runOnlyForDeploymentPostprocessing = 0;
		};
		107C601319EE011D00764AA2 /* Resources */ = {
			isa = PBXResourcesBuildPhase;
			buildActionMask = 2147483647;
			files = (
			);
			runOnlyForDeploymentPostprocessing = 0;
		};
/* End PBXResourcesBuildPhase section */

/* Begin PBXSourcesBuildPhase section */
		107C5FFC19EE011D00764AA2 /* Sources */ = {
			isa = PBXSourcesBuildPhase;
			buildActionMask = 2147483647;
			files = (
				107C600819EE011D00764AA2 /* ViewController.swift in Sources */,
				107C600619EE011D00764AA2 /* AppDelegate.swift in Sources */,
			);
			runOnlyForDeploymentPostprocessing = 0;
		};
		107C601119EE011D00764AA2 /* Sources */ = {
			isa = PBXSourcesBuildPhase;
			buildActionMask = 2147483647;
			files = (
				107C601C19EE011D00764AA2 /* showtimeTests.swift in Sources */,
			);
			runOnlyForDeploymentPostprocessing = 0;
		};
/* End PBXSourcesBuildPhase section */

/* Begin PBXTargetDependency section */
		107C601719EE011D00764AA2 /* PBXTargetDependency */ = {
			isa = PBXTargetDependency;
			target = 107C5FFF19EE011D00764AA2 /* showtime */;
			targetProxy = 107C601619EE011D00764AA2 /* PBXContainerItemProxy */;
		};
/* End PBXTargetDependency section */

/* Begin PBXVariantGroup section */
		107C600919EE011D00764AA2 /* Main.storyboard */ = {
			isa = PBXVariantGroup;
			children = (
				107C600A19EE011D00764AA2 /* Base */,
			);
			name = Main.storyboard;
			sourceTree = "<group>";
		};
		107C600E19EE011D00764AA2 /* LaunchScreen.xib */ = {
			isa = PBXVariantGroup;
			children = (
				107C600F19EE011D00764AA2 /* Base */,
			);
			name = LaunchScreen.xib;
			sourceTree = "<group>";
		};
/* End PBXVariantGroup section */

/* Begin XCBuildConfiguration section */
		107C601D19EE011D00764AA2 /* Debug */ = {
			isa = XCBuildConfiguration;
			buildSettings = {
				ALWAYS_SEARCH_USER_PATHS = NO;
				CLANG_CXX_LANGUAGE_STANDARD = "gnu++0x";
				CLANG_CXX_LIBRARY = "libc++";
				CLANG_ENABLE_MODULES = YES;
				CLANG_ENABLE_OBJC_ARC = YES;
				CLANG_WARN_BOOL_CONVERSION = YES;
				CLANG_WARN_CONSTANT_CONVERSION = YES;
				CLANG_WARN_DIRECT_OBJC_ISA_USAGE = YES_ERROR;
				CLANG_WARN_EMPTY_BODY = YES;
				CLANG_WARN_ENUM_CONVERSION = YES;
				CLANG_WARN_INT_CONVERSION = YES;
				CLANG_WARN_OBJC_ROOT_CLASS = YES_ERROR;
				CLANG_WARN_UNREACHABLE_CODE = YES;
				CLANG_WARN__DUPLICATE_METHOD_MATCH = YES;
				"CODE_SIGN_IDENTITY[sdk=iphoneos*]" = "iPhone Developer";
				COPY_PHASE_STRIP = NO;
				ENABLE_STRICT_OBJC_MSGSEND = YES;
				GCC_C_LANGUAGE_STANDARD = gnu99;
				GCC_DYNAMIC_NO_PIC = NO;
				GCC_OPTIMIZATION_LEVEL = 0;
				GCC_PREPROCESSOR_DEFINITIONS = (
					"DEBUG=1",
					"$(inherited)",
				);
				GCC_SYMBOLS_PRIVATE_EXTERN = NO;
				GCC_WARN_64_TO_32_BIT_CONVERSION = YES;
				GCC_WARN_ABOUT_RETURN_TYPE = YES_ERROR;
				GCC_WARN_UNDECLARED_SELECTOR = YES;
				GCC_WARN_UNINITIALIZED_AUTOS = YES_AGGRESSIVE;
				GCC_WARN_UNUSED_FUNCTION = YES;
				GCC_WARN_UNUSED_VARIABLE = YES;
				IPHONEOS_DEPLOYMENT_TARGET = 8.0;
				MTL_ENABLE_DEBUG_INFO = YES;
				ONLY_ACTIVE_ARCH = YES;
				SDKROOT = iphoneos;
				SWIFT_OPTIMIZATION_LEVEL = "-Onone";
			};
			name = Debug;
		};
		107C601E19EE011D00764AA2 /* Release */ = {
			isa = XCBuildConfiguration;
			buildSettings = {
				ALWAYS_SEARCH_USER_PATHS = NO;
				CLANG_CXX_LANGUAGE_STANDARD = "gnu++0x";
				CLANG_CXX_LIBRARY = "libc++";
				CLANG_ENABLE_MODULES = YES;
				CLANG_ENABLE_OBJC_ARC = YES;
				CLANG_WARN_BOOL_CONVERSION = YES;
				CLANG_WARN_CONSTANT_CONVERSION = YES;
				CLANG_WARN_DIRECT_OBJC_ISA_USAGE = YES_ERROR;
				CLANG_WARN_EMPTY_BODY = YES;
				CLANG_WARN_ENUM_CONVERSION = YES;
				CLANG_WARN_INT_CONVERSION = YES;
				CLANG_WARN_OBJC_ROOT_CLASS = YES_ERROR;
				CLANG_WARN_UNREACHABLE_CODE = YES;
				CLANG_WARN__DUPLICATE_METHOD_MATCH = YES;
				"CODE_SIGN_IDENTITY[sdk=iphoneos*]" = "iPhone Developer";
				COPY_PHASE_STRIP = YES;
				ENABLE_NS_ASSERTIONS = NO;
				ENABLE_STRICT_OBJC_MSGSEND = YES;
				GCC_C_LANGUAGE_STANDARD = gnu99;
				GCC_WARN_64_TO_32_BIT_CONVERSION = YES;
				GCC_WARN_ABOUT_RETURN_TYPE = YES_ERROR;
				GCC_WARN_UNDECLARED_SELECTOR = YES;
				GCC_WARN_UNINITIALIZED_AUTOS = YES_AGGRESSIVE;
				GCC_WARN_UNUSED_FUNCTION = YES;
				GCC_WARN_UNUSED_VARIABLE = YES;
				IPHONEOS_DEPLOYMENT_TARGET = 8.0;
				MTL_ENABLE_DEBUG_INFO = NO;
				SDKROOT = iphoneos;
				VALIDATE_PRODUCT = YES;
			};
			name = Release;
		};
		107C602019EE011D00764AA2 /* Debug */ = {
			isa = XCBuildConfiguration;
			buildSettings = {
				ASSETCATALOG_COMPILER_APPICON_NAME = AppIcon;
				INFOPLIST_FILE = showtime/Info.plist;
				IPHONEOS_DEPLOYMENT_TARGET = 7.1;
				LD_RUNPATH_SEARCH_PATHS = "$(inherited) @executable_path/Frameworks";
				PRODUCT_NAME = "$(TARGET_NAME)";
			};
			name = Debug;
		};
		107C602119EE011D00764AA2 /* Release */ = {
			isa = XCBuildConfiguration;
			buildSettings = {
				ASSETCATALOG_COMPILER_APPICON_NAME = AppIcon;
				INFOPLIST_FILE = showtime/Info.plist;
				IPHONEOS_DEPLOYMENT_TARGET = 7.1;
				LD_RUNPATH_SEARCH_PATHS = "$(inherited) @executable_path/Frameworks";
				PRODUCT_NAME = "$(TARGET_NAME)";
			};
			name = Release;
		};
		107C602319EE011D00764AA2 /* Debug */ = {
			isa = XCBuildConfiguration;
			buildSettings = {
				BUNDLE_LOADER = "$(TEST_HOST)";
				FRAMEWORK_SEARCH_PATHS = (
					"$(SDKROOT)/Developer/Library/Frameworks",
					"$(inherited)",
				);
				GCC_PREPROCESSOR_DEFINITIONS = (
					"DEBUG=1",
					"$(inherited)",
				);
				INFOPLIST_FILE = showtimeTests/Info.plist;
				LD_RUNPATH_SEARCH_PATHS = "$(inherited) @executable_path/Frameworks @loader_path/Frameworks";
				PRODUCT_NAME = "$(TARGET_NAME)";
				TEST_HOST = "$(BUILT_PRODUCTS_DIR)/showtime.app/showtime";
			};
			name = Debug;
		};
		107C602419EE011D00764AA2 /* Release */ = {
			isa = XCBuildConfiguration;
			buildSettings = {
				BUNDLE_LOADER = "$(TEST_HOST)";
				FRAMEWORK_SEARCH_PATHS = (
					"$(SDKROOT)/Developer/Library/Frameworks",
					"$(inherited)",
				);
				INFOPLIST_FILE = showtimeTests/Info.plist;
				LD_RUNPATH_SEARCH_PATHS = "$(inherited) @executable_path/Frameworks @loader_path/Frameworks";
				PRODUCT_NAME = "$(TARGET_NAME)";
				TEST_HOST = "$(BUILT_PRODUCTS_DIR)/showtime.app/showtime";
			};
			name = Release;
		};
/* End XCBuildConfiguration section */

/* Begin XCConfigurationList section */
		107C5FFB19EE011D00764AA2 /* Build configuration list for PBXProject "showtime" */ = {
			isa = XCConfigurationList;
			buildConfigurations = (
				107C601D19EE011D00764AA2 /* Debug */,
				107C601E19EE011D00764AA2 /* Release */,
			);
			defaultConfigurationIsVisible = 0;
			defaultConfigurationName = Release;
		};
		107C601F19EE011D00764AA2 /* Build configuration list for PBXNativeTarget "showtime" */ = {
			isa = XCConfigurationList;
			buildConfigurations = (
				107C602019EE011D00764AA2 /* Debug */,
				107C602119EE011D00764AA2 /* Release */,
			);
			defaultConfigurationIsVisible = 0;
		};
		107C602219EE011D00764AA2 /* Build configuration list for PBXNativeTarget "showtimeTests" */ = {
			isa = XCConfigurationList;
			buildConfigurations = (
				107C602319EE011D00764AA2 /* Debug */,
				107C602419EE011D00764AA2 /* Release */,
			);
			defaultConfigurationIsVisible = 0;
		};
/* End XCConfigurationList section */
	};
	rootObject = 107C5FF819EE011D00764AA2 /* Project object */;
}
